
Microsoft Visual Studio Solution File, Format Version 12.00
# Visual Studio Version 17
VisualStudioVersion = 17.13.35731.43
MinimumVisualStudioVersion = 10.0.40219.1
Project("{2150E333-8FDC-42A3-9474-1A3956D46DE8}") = "src", "src", "{02EA681E-C7D8-13C7-8484-4AC65E1B71E8}"
EndProject
Project("{2150E333-8FDC-42A3-9474-1A3956D46DE8}") = "docs", "docs", "{2C7D4972-BC69-4DE3-9797-BE96313124B2}"
	ProjectSection(SolutionItems) = preProject
		docs\MesBaoX - Phân tích và thiết kế hệ thống.docx = docs\MesBaoX - Phân tích và thiết kế hệ thống.docx
	EndProjectSection
EndProject
Project("{2150E333-8FDC-42A3-9474-1A3956D46DE8}") = "tests", "tests", "{B4862E43-874A-4704-BC72-30120A989026}"
EndProject
Project("{FAE04EC0-301F-11D3-BF4B-00C04F79EFBC}") = "MBX.Server", "src\MBX.Server\MBX.Server.csproj", "{228CD717-421B-47E1-BF03-CE9E5B05A385}"
EndProject
Project("{FAE04EC0-301F-11D3-BF4B-00C04F79EFBC}") = "MBX.Application", "src\MBX.Application\MBX.Application.csproj", "{D75630E0-6F6C-4863-AE5F-2A851CC5EB4F}"
EndProject
Project("{FAE04EC0-301F-11D3-BF4B-00C04F79EFBC}") = "MBX.Infrastructure", "src\MBX.Infrastructure\MBX.Infrastructure.csproj", "{52550C1C-260B-458E-99E8-127CB8C2DE00}"
EndProject
Project("{FAE04EC0-301F-11D3-BF4B-00C04F79EFBC}") = "MBX.Persistence", "src\MBX.Persistence\MBX.Persistence.csproj", "{AE3D90E7-B282-4219-AC67-ED88B4556873}"
EndProject
Project("{FAE04EC0-301F-11D3-BF4B-00C04F79EFBC}") = "MBX.Domain", "src\MBX.Domain\MBX.Domain.csproj", "{D4DA1EBF-6F90-4A99-902F-89C7E60C77A2}"
EndProject
Project("{54A90642-561A-4BB1-A94E-469ADEE60C69}") = "MBX.UI", "src\MBX.UI\MBX.UI.esproj", "{9DB2320B-C46B-3FCE-A16E-B6A68E0DF899}"
EndProject
Project("{2150E333-8FDC-42A3-9474-1A3956D46DE8}") = "Core", "Core", "{0A1A6FF8-5F53-4AAF-9EA9-FB4E6953CB7E}"
EndProject
Project("{2150E333-8FDC-42A3-9474-1A3956D46DE8}") = "Infrastructure", "Infrastructure", "{67371090-927D-4200-8739-8B420C9AA8A4}"
EndProject
Project("{2150E333-8FDC-42A3-9474-1A3956D46DE8}") = "Presentation", "Presentation", "{52678A79-C09F-430C-A6E6-8C08ED6E7002}"
EndProject
Global
	GlobalSection(SolutionConfigurationPlatforms) = preSolution
		Debug|Any CPU = Debug|Any CPU
		Release|Any CPU = Release|Any CPU
	EndGlobalSection
	GlobalSection(ProjectConfigurationPlatforms) = postSolution
		{228CD717-421B-47E1-BF03-CE9E5B05A385}.Debug|Any CPU.ActiveCfg = Debug|Any CPU
		{228CD717-421B-47E1-BF03-CE9E5B05A385}.Debug|Any CPU.Build.0 = Debug|Any CPU
		{228CD717-421B-47E1-BF03-CE9E5B05A385}.Release|Any CPU.ActiveCfg = Release|Any CPU
		{228CD717-421B-47E1-BF03-CE9E5B05A385}.Release|Any CPU.Build.0 = Release|Any CPU
		{D75630E0-6F6C-4863-AE5F-2A851CC5EB4F}.Debug|Any CPU.ActiveCfg = Debug|Any CPU
		{D75630E0-6F6C-4863-AE5F-2A851CC5EB4F}.Debug|Any CPU.Build.0 = Debug|Any CPU
		{D75630E0-6F6C-4863-AE5F-2A851CC5EB4F}.Release|Any CPU.ActiveCfg = Release|Any CPU
		{D75630E0-6F6C-4863-AE5F-2A851CC5EB4F}.Release|Any CPU.Build.0 = Release|Any CPU
		{52550C1C-260B-458E-99E8-127CB8C2DE00}.Debug|Any CPU.ActiveCfg = Debug|Any CPU
		{52550C1C-260B-458E-99E8-127CB8C2DE00}.Debug|Any CPU.Build.0 = Debug|Any CPU
		{52550C1C-260B-458E-99E8-127CB8C2DE00}.Release|Any CPU.ActiveCfg = Release|Any CPU
		{52550C1C-260B-458E-99E8-127CB8C2DE00}.Release|Any CPU.Build.0 = Release|Any CPU
		{AE3D90E7-B282-4219-AC67-ED88B4556873}.Debug|Any CPU.ActiveCfg = Debug|Any CPU
		{AE3D90E7-B282-4219-AC67-ED88B4556873}.Debug|Any CPU.Build.0 = Debug|Any CPU
		{AE3D90E7-B282-4219-AC67-ED88B4556873}.Release|Any CPU.ActiveCfg = Release|Any CPU
		{AE3D90E7-B282-4219-AC67-ED88B4556873}.Release|Any CPU.Build.0 = Release|Any CPU
		{D4DA1EBF-6F90-4A99-902F-89C7E60C77A2}.Debug|Any CPU.ActiveCfg = Debug|Any CPU
		{D4DA1EBF-6F90-4A99-902F-89C7E60C77A2}.Debug|Any CPU.Build.0 = Debug|Any CPU
		{D4DA1EBF-6F90-4A99-902F-89C7E60C77A2}.Release|Any CPU.ActiveCfg = Release|Any CPU
		{D4DA1EBF-6F90-4A99-902F-89C7E60C77A2}.Release|Any CPU.Build.0 = Release|Any CPU
		{9DB2320B-C46B-3FCE-A16E-B6A68E0DF899}.Debug|Any CPU.ActiveCfg = Debug|Any CPU
		{9DB2320B-C46B-3FCE-A16E-B6A68E0DF899}.Debug|Any CPU.Build.0 = Debug|Any CPU
		{9DB2320B-C46B-3FCE-A16E-B6A68E0DF899}.Debug|Any CPU.Deploy.0 = Debug|Any CPU
		{9DB2320B-C46B-3FCE-A16E-B6A68E0DF899}.Release|Any CPU.ActiveCfg = Release|Any CPU
		{9DB2320B-C46B-3FCE-A16E-B6A68E0DF899}.Release|Any CPU.Build.0 = Release|Any CPU
		{9DB2320B-C46B-3FCE-A16E-B6A68E0DF899}.Release|Any CPU.Deploy.0 = Release|Any CPU
	EndGlobalSection
	GlobalSection(SolutionProperties) = preSolution
		HideSolutionNode = FALSE
	EndGlobalSection
	GlobalSection(NestedProjects) = preSolution
		{228CD717-421B-47E1-BF03-CE9E5B05A385} = {52678A79-C09F-430C-A6E6-8C08ED6E7002}
		{D75630E0-6F6C-4863-AE5F-2A851CC5EB4F} = {0A1A6FF8-5F53-4AAF-9EA9-FB4E6953CB7E}
		{52550C1C-260B-458E-99E8-127CB8C2DE00} = {67371090-927D-4200-8739-8B420C9AA8A4}
		{AE3D90E7-B282-4219-AC67-ED88B4556873} = {67371090-927D-4200-8739-8B420C9AA8A4}
		{D4DA1EBF-6F90-4A99-902F-89C7E60C77A2} = {0A1A6FF8-5F53-4AAF-9EA9-FB4E6953CB7E}
		{9DB2320B-C46B-3FCE-A16E-B6A68E0DF899} = {52678A79-C09F-430C-A6E6-8C08ED6E7002}
		{0A1A6FF8-5F53-4AAF-9EA9-FB4E6953CB7E} = {02EA681E-C7D8-13C7-8484-4AC65E1B71E8}
		{67371090-927D-4200-8739-8B420C9AA8A4} = {02EA681E-C7D8-13C7-8484-4AC65E1B71E8}
		{52678A79-C09F-430C-A6E6-8C08ED6E7002} = {02EA681E-C7D8-13C7-8484-4AC65E1B71E8}
	EndGlobalSection
	GlobalSection(ExtensibilityGlobals) = postSolution
		SolutionGuid = {0CD51E96-4B48-4F9C-AC6C-D58FEA8568EB}
	EndGlobalSection
EndGlobal
